
Microsoft Visual Studio Solution File, Format Version 12.00
# Visual Studio Version 17
VisualStudioVersion = 17.14.36109.1 d17.14
MinimumVisualStudioVersion = 10.0.40219.1
Project("{FAE04EC0-301F-11D3-BF4B-00C04F79EFBC}") = "MvcLibrary", "MvcLibrary\MvcLibrary.csproj", "{039F154B-F1DD-47A7-9A9E-D02A8832E903}"
EndProject
Global
	GlobalSection(SolutionConfigurationPlatforms) = preSolution
		Debug|Any CPU = Debug|Any CPU
		Release|Any CPU = Release|Any CPU
	EndGlobalSection
	GlobalSection(ProjectConfigurationPlatforms) = postSolution
		{039F154B-F1DD-47A7-9A9E-D02A8832E903}.Debug|Any CPU.ActiveCfg = Debug|Any CPU
		{039F154B-F1DD-47A7-9A9E-D02A8832E903}.Debug|Any CPU.Build.0 = Debug|Any CPU
		{039F154B-F1DD-47A7-9A9E-D02A8832E903}.Release|Any CPU.ActiveCfg = Release|Any CPU
		{039F154B-F1DD-47A7-9A9E-D02A8832E903}.Release|Any CPU.Build.0 = Release|Any CPU
	EndGlobalSection
	GlobalSection(SolutionProperties) = preSolution
		HideSolutionNode = FALSE
	EndGlobalSection
	GlobalSection(ExtensibilityGlobals) = postSolution
		SolutionGuid = {ADC01C9C-A6F0-4FB7-BCF0-40CFF8DFA0F3}
	EndGlobalSection
EndGlobal
